// !$*UTF8*$!
{
	archiveVersion = 1;
	classes = {
	};
	objectVersion = 46;
	objects = {

/* Begin PBXBuildFile section */
		3E0FD5AE13D43A3700A4AABC /* clazz.cpp in Sources */ = {isa = PBXBuildFile; fileRef = 3E0FD5AD13D43A3700A4AABC /* clazz.cpp */; };
		3E2C0A8C13C6FF7F0070A4B5 /* foo.lua in CopyFiles */ = {isa = PBXBuildFile; fileRef = 3E2C0A8813C6FEF50070A4B5 /* foo.lua */; };
		8D3146DA13D3715300019863 /* function.cpp in Sources */ = {isa = PBXBuildFile; fileRef = 8D3146D913D3715300019863 /* function.cpp */; };
		8D3B0E9B14C8DFF900728578 /* lapi.c in Sources */ = {isa = PBXBuildFile; fileRef = 8D3B0E7B14C8DFF900728578 /* lapi.c */; };
		8D3B0E9C14C8DFF900728578 /* lauxlib.c in Sources */ = {isa = PBXBuildFile; fileRef = 8D3B0E7C14C8DFF900728578 /* lauxlib.c */; };
		8D3B0E9D14C8DFF900728578 /* lbaselib.c in Sources */ = {isa = PBXBuildFile; fileRef = 8D3B0E7D14C8DFF900728578 /* lbaselib.c */; };
		8D3B0E9E14C8DFF900728578 /* lcode.c in Sources */ = {isa = PBXBuildFile; fileRef = 8D3B0E7E14C8DFF900728578 /* lcode.c */; };
		8D3B0E9F14C8DFF900728578 /* ldblib.c in Sources */ = {isa = PBXBuildFile; fileRef = 8D3B0E7F14C8DFF900728578 /* ldblib.c */; };
		8D3B0EA014C8DFF900728578 /* ldebug.c in Sources */ = {isa = PBXBuildFile; fileRef = 8D3B0E8014C8DFF900728578 /* ldebug.c */; };
		8D3B0EA114C8DFF900728578 /* ldo.c in Sources */ = {isa = PBXBuildFile; fileRef = 8D3B0E8114C8DFF900728578 /* ldo.c */; };
		8D3B0EA214C8DFF900728578 /* ldump.c in Sources */ = {isa = PBXBuildFile; fileRef = 8D3B0E8214C8DFF900728578 /* ldump.c */; };
		8D3B0EA314C8DFF900728578 /* lfunc.c in Sources */ = {isa = PBXBuildFile; fileRef = 8D3B0E8314C8DFF900728578 /* lfunc.c */; };
		8D3B0EA414C8DFF900728578 /* lgc.c in Sources */ = {isa = PBXBuildFile; fileRef = 8D3B0E8414C8DFF900728578 /* lgc.c */; };
		8D3B0EA514C8DFF900728578 /* linit.c in Sources */ = {isa = PBXBuildFile; fileRef = 8D3B0E8514C8DFF900728578 /* linit.c */; };
		8D3B0EA614C8DFF900728578 /* liolib.c in Sources */ = {isa = PBXBuildFile; fileRef = 8D3B0E8614C8DFF900728578 /* liolib.c */; };
		8D3B0EA714C8DFF900728578 /* llex.c in Sources */ = {isa = PBXBuildFile; fileRef = 8D3B0E8714C8DFF900728578 /* llex.c */; };
		8D3B0EA814C8DFF900728578 /* lmathlib.c in Sources */ = {isa = PBXBuildFile; fileRef = 8D3B0E8814C8DFF900728578 /* lmathlib.c */; };
		8D3B0EA914C8DFF900728578 /* lmem.c in Sources */ = {isa = PBXBuildFile; fileRef = 8D3B0E8914C8DFF900728578 /* lmem.c */; };
		8D3B0EAA14C8DFF900728578 /* loadlib.c in Sources */ = {isa = PBXBuildFile; fileRef = 8D3B0E8A14C8DFF900728578 /* loadlib.c */; };
		8D3B0EAB14C8DFF900728578 /* lobject.c in Sources */ = {isa = PBXBuildFile; fileRef = 8D3B0E8B14C8DFF900728578 /* lobject.c */; };
		8D3B0EAC14C8DFF900728578 /* lopcodes.c in Sources */ = {isa = PBXBuildFile; fileRef = 8D3B0E8C14C8DFF900728578 /* lopcodes.c */; };
		8D3B0EAD14C8DFF900728578 /* loslib.c in Sources */ = {isa = PBXBuildFile; fileRef = 8D3B0E8D14C8DFF900728578 /* loslib.c */; };
		8D3B0EAE14C8DFF900728578 /* lparser.c in Sources */ = {isa = PBXBuildFile; fileRef = 8D3B0E8E14C8DFF900728578 /* lparser.c */; };
		8D3B0EAF14C8DFF900728578 /* lstate.c in Sources */ = {isa = PBXBuildFile; fileRef = 8D3B0E8F14C8DFF900728578 /* lstate.c */; };
		8D3B0EB014C8DFF900728578 /* lstring.c in Sources */ = {isa = PBXBuildFile; fileRef = 8D3B0E9014C8DFF900728578 /* lstring.c */; };
		8D3B0EB114C8DFF900728578 /* lstrlib.c in Sources */ = {isa = PBXBuildFile; fileRef = 8D3B0E9114C8DFF900728578 /* lstrlib.c */; };
		8D3B0EB214C8DFF900728578 /* ltable.c in Sources */ = {isa = PBXBuildFile; fileRef = 8D3B0E9214C8DFF900728578 /* ltable.c */; };
		8D3B0EB314C8DFF900728578 /* ltablib.c in Sources */ = {isa = PBXBuildFile; fileRef = 8D3B0E9314C8DFF900728578 /* ltablib.c */; };
		8D3B0EB414C8DFF900728578 /* ltm.c in Sources */ = {isa = PBXBuildFile; fileRef = 8D3B0E9414C8DFF900728578 /* ltm.c */; };
		8D3B0EB714C8DFF900728578 /* lundump.c in Sources */ = {isa = PBXBuildFile; fileRef = 8D3B0E9714C8DFF900728578 /* lundump.c */; };
		8D3B0EB814C8DFF900728578 /* lvm.c in Sources */ = {isa = PBXBuildFile; fileRef = 8D3B0E9814C8DFF900728578 /* lvm.c */; };
		8D3B0EB914C8DFF900728578 /* lzio.c in Sources */ = {isa = PBXBuildFile; fileRef = 8D3B0E9914C8DFF900728578 /* lzio.c */; };
		8D3B0EBA14C8DFF900728578 /* print.c in Sources */ = {isa = PBXBuildFile; fileRef = 8D3B0E9A14C8DFF900728578 /* print.c */; };
		8D5F958E14803EA900834EEE /* call.cpp in Sources */ = {isa = PBXBuildFile; fileRef = 8D5F958D14803EA900834EEE /* call.cpp */; };
		8DBB5D4513D4BCE10044A2F6 /* registry.cpp in Sources */ = {isa = PBXBuildFile; fileRef = 8DBB5D4413D4BCE10044A2F6 /* registry.cpp */; };
		8DD76F650486A84900D96B5E /* main.cpp in Sources */ = {isa = PBXBuildFile; fileRef = 08FB7796FE84155DC02AAC07 /* main.cpp */; settings = {ATTRIBUTES = (); }; };
/* End PBXBuildFile section */

/* Begin PBXCopyFilesBuildPhase section */
		8DD76F690486A84900D96B5E /* CopyFiles */ = {
			isa = PBXCopyFilesBuildPhase;
			buildActionMask = 12;
			dstPath = "";
			dstSubfolderSpec = 16;
			files = (
				3E2C0A8C13C6FF7F0070A4B5 /* foo.lua in CopyFiles */,
			);
			runOnlyForDeploymentPostprocessing = 0;
		};
/* End PBXCopyFilesBuildPhase section */

/* Begin PBXFileReference section */
		08FB7796FE84155DC02AAC07 /* main.cpp */ = {isa = PBXFileReference; fileEncoding = 4; lastKnownFileType = sourcecode.cpp.cpp; path = main.cpp; sourceTree = "<group>"; };
		3E050A7413C70016000DC746 /* clazz.h */ = {isa = PBXFileReference; fileEncoding = 4; lastKnownFileType = sourcecode.c.h; name = clazz.h; path = include/slub/clazz.h; sourceTree = "<group>"; };
		3E050A7513C70016000DC746 /* field.h */ = {isa = PBXFileReference; fileEncoding = 4; lastKnownFileType = sourcecode.c.h; name = field.h; path = include/slub/field.h; sourceTree = "<group>"; };
		3E050A7613C70016000DC746 /* method.h */ = {isa = PBXFileReference; fileEncoding = 4; lastKnownFileType = sourcecode.c.h; name = method.h; path = include/slub/method.h; sourceTree = "<group>"; };
		3E050A7713C70016000DC746 /* slub.h */ = {isa = PBXFileReference; fileEncoding = 4; lastKnownFileType = sourcecode.c.h; name = slub.h; path = include/slub/slub.h; sourceTree = "<group>"; };
		3E050A7813C70016000DC746 /* wrapper.h */ = {isa = PBXFileReference; fileEncoding = 4; lastKnownFileType = sourcecode.c.h; name = wrapper.h; path = include/slub/wrapper.h; sourceTree = "<group>"; };
		3E0FD5AD13D43A3700A4AABC /* clazz.cpp */ = {isa = PBXFileReference; fileEncoding = 4; lastKnownFileType = sourcecode.cpp.cpp; name = clazz.cpp; path = src/slub/clazz.cpp; sourceTree = "<group>"; };
		3E2C0A7F13C6FE7A0070A4B5 /* foo.h */ = {isa = PBXFileReference; fileEncoding = 4; lastKnownFileType = sourcecode.c.h; path = foo.h; sourceTree = "<group>"; };
		3E2C0A8813C6FEF50070A4B5 /* foo.lua */ = {isa = PBXFileReference; fileEncoding = 4; lastKnownFileType = text; path = foo.lua; sourceTree = "<group>"; };
		3E5C976D13CB104800DB6373 /* registry.h */ = {isa = PBXFileReference; fileEncoding = 4; lastKnownFileType = sourcecode.c.h; name = registry.h; path = include/slub/registry.h; sourceTree = "<group>"; };
		3E8A3BBB13CAF0C500467EAD /* converter.h */ = {isa = PBXFileReference; fileEncoding = 4; lastKnownFileType = sourcecode.c.h; name = converter.h; path = include/slub/converter.h; sourceTree = "<group>"; };
		8D3146D913D3715300019863 /* function.cpp */ = {isa = PBXFileReference; fileEncoding = 4; lastKnownFileType = sourcecode.cpp.cpp; name = function.cpp; path = src/slub/function.cpp; sourceTree = "<group>"; };
		8D31478613D378E700019863 /* constructor.h */ = {isa = PBXFileReference; fileEncoding = 4; lastKnownFileType = sourcecode.c.h; name = constructor.h; path = include/slub/constructor.h; sourceTree = "<group>"; };
		8D3147C513D37F6000019863 /* operators.h */ = {isa = PBXFileReference; fileEncoding = 4; lastKnownFileType = sourcecode.c.h; name = operators.h; path = include/slub/operators.h; sourceTree = "<group>"; };
		8D3B0E7B14C8DFF900728578 /* lapi.c */ = {isa = PBXFileReference; fileEncoding = 4; lastKnownFileType = sourcecode.c.c; name = lapi.c; path = lua_5_1_4/source/src/lapi.c; sourceTree = "<group>"; };
		8D3B0E7C14C8DFF900728578 /* lauxlib.c */ = {isa = PBXFileReference; fileEncoding = 4; lastKnownFileType = sourcecode.c.c; name = lauxlib.c; path = lua_5_1_4/source/src/lauxlib.c; sourceTree = "<group>"; };
		8D3B0E7D14C8DFF900728578 /* lbaselib.c */ = {isa = PBXFileReference; fileEncoding = 4; lastKnownFileType = sourcecode.c.c; name = lbaselib.c; path = lua_5_1_4/source/src/lbaselib.c; sourceTree = "<group>"; };
		8D3B0E7E14C8DFF900728578 /* lcode.c */ = {isa = PBXFileReference; fileEncoding = 4; lastKnownFileType = sourcecode.c.c; name = lcode.c; path = lua_5_1_4/source/src/lcode.c; sourceTree = "<group>"; };
		8D3B0E7F14C8DFF900728578 /* ldblib.c */ = {isa = PBXFileReference; fileEncoding = 4; lastKnownFileType = sourcecode.c.c; name = ldblib.c; path = lua_5_1_4/source/src/ldblib.c; sourceTree = "<group>"; };
		8D3B0E8014C8DFF900728578 /* ldebug.c */ = {isa = PBXFileReference; fileEncoding = 4; lastKnownFileType = sourcecode.c.c; name = ldebug.c; path = lua_5_1_4/source/src/ldebug.c; sourceTree = "<group>"; };
		8D3B0E8114C8DFF900728578 /* ldo.c */ = {isa = PBXFileReference; fileEncoding = 4; lastKnownFileType = sourcecode.c.c; name = ldo.c; path = lua_5_1_4/source/src/ldo.c; sourceTree = "<group>"; };
		8D3B0E8214C8DFF900728578 /* ldump.c */ = {isa = PBXFileReference; fileEncoding = 4; lastKnownFileType = sourcecode.c.c; name = ldump.c; path = lua_5_1_4/source/src/ldump.c; sourceTree = "<group>"; };
		8D3B0E8314C8DFF900728578 /* lfunc.c */ = {isa = PBXFileReference; fileEncoding = 4; lastKnownFileType = sourcecode.c.c; name = lfunc.c; path = lua_5_1_4/source/src/lfunc.c; sourceTree = "<group>"; };
		8D3B0E8414C8DFF900728578 /* lgc.c */ = {isa = PBXFileReference; fileEncoding = 4; lastKnownFileType = sourcecode.c.c; name = lgc.c; path = lua_5_1_4/source/src/lgc.c; sourceTree = "<group>"; };
		8D3B0E8514C8DFF900728578 /* linit.c */ = {isa = PBXFileReference; fileEncoding = 4; lastKnownFileType = sourcecode.c.c; name = linit.c; path = lua_5_1_4/source/src/linit.c; sourceTree = "<group>"; };
		8D3B0E8614C8DFF900728578 /* liolib.c */ = {isa = PBXFileReference; fileEncoding = 4; lastKnownFileType = sourcecode.c.c; name = liolib.c; path = lua_5_1_4/source/src/liolib.c; sourceTree = "<group>"; };
		8D3B0E8714C8DFF900728578 /* llex.c */ = {isa = PBXFileReference; fileEncoding = 4; lastKnownFileType = sourcecode.c.c; name = llex.c; path = lua_5_1_4/source/src/llex.c; sourceTree = "<group>"; };
		8D3B0E8814C8DFF900728578 /* lmathlib.c */ = {isa = PBXFileReference; fileEncoding = 4; lastKnownFileType = sourcecode.c.c; name = lmathlib.c; path = lua_5_1_4/source/src/lmathlib.c; sourceTree = "<group>"; };
		8D3B0E8914C8DFF900728578 /* lmem.c */ = {isa = PBXFileReference; fileEncoding = 4; lastKnownFileType = sourcecode.c.c; name = lmem.c; path = lua_5_1_4/source/src/lmem.c; sourceTree = "<group>"; };
		8D3B0E8A14C8DFF900728578 /* loadlib.c */ = {isa = PBXFileReference; fileEncoding = 4; lastKnownFileType = sourcecode.c.c; name = loadlib.c; path = lua_5_1_4/source/src/loadlib.c; sourceTree = "<group>"; };
		8D3B0E8B14C8DFF900728578 /* lobject.c */ = {isa = PBXFileReference; fileEncoding = 4; lastKnownFileType = sourcecode.c.c; name = lobject.c; path = lua_5_1_4/source/src/lobject.c; sourceTree = "<group>"; };
		8D3B0E8C14C8DFF900728578 /* lopcodes.c */ = {isa = PBXFileReference; fileEncoding = 4; lastKnownFileType = sourcecode.c.c; name = lopcodes.c; path = lua_5_1_4/source/src/lopcodes.c; sourceTree = "<group>"; };
		8D3B0E8D14C8DFF900728578 /* loslib.c */ = {isa = PBXFileReference; fileEncoding = 4; lastKnownFileType = sourcecode.c.c; name = loslib.c; path = lua_5_1_4/source/src/loslib.c; sourceTree = "<group>"; };
		8D3B0E8E14C8DFF900728578 /* lparser.c */ = {isa = PBXFileReference; fileEncoding = 4; lastKnownFileType = sourcecode.c.c; name = lparser.c; path = lua_5_1_4/source/src/lparser.c; sourceTree = "<group>"; };
		8D3B0E8F14C8DFF900728578 /* lstate.c */ = {isa = PBXFileReference; fileEncoding = 4; lastKnownFileType = sourcecode.c.c; name = lstate.c; path = lua_5_1_4/source/src/lstate.c; sourceTree = "<group>"; };
		8D3B0E9014C8DFF900728578 /* lstring.c */ = {isa = PBXFileReference; fileEncoding = 4; lastKnownFileType = sourcecode.c.c; name = lstring.c; path = lua_5_1_4/source/src/lstring.c; sourceTree = "<group>"; };
		8D3B0E9114C8DFF900728578 /* lstrlib.c */ = {isa = PBXFileReference; fileEncoding = 4; lastKnownFileType = sourcecode.c.c; name = lstrlib.c; path = lua_5_1_4/source/src/lstrlib.c; sourceTree = "<group>"; };
		8D3B0E9214C8DFF900728578 /* ltable.c */ = {isa = PBXFileReference; fileEncoding = 4; lastKnownFileType = sourcecode.c.c; name = ltable.c; path = lua_5_1_4/source/src/ltable.c; sourceTree = "<group>"; };
		8D3B0E9314C8DFF900728578 /* ltablib.c */ = {isa = PBXFileReference; fileEncoding = 4; lastKnownFileType = sourcecode.c.c; name = ltablib.c; path = lua_5_1_4/source/src/ltablib.c; sourceTree = "<group>"; };
		8D3B0E9414C8DFF900728578 /* ltm.c */ = {isa = PBXFileReference; fileEncoding = 4; lastKnownFileType = sourcecode.c.c; name = ltm.c; path = lua_5_1_4/source/src/ltm.c; sourceTree = "<group>"; };
		8D3B0E9714C8DFF900728578 /* lundump.c */ = {isa = PBXFileReference; fileEncoding = 4; lastKnownFileType = sourcecode.c.c; name = lundump.c; path = lua_5_1_4/source/src/lundump.c; sourceTree = "<group>"; };
		8D3B0E9814C8DFF900728578 /* lvm.c */ = {isa = PBXFileReference; fileEncoding = 4; lastKnownFileType = sourcecode.c.c; name = lvm.c; path = lua_5_1_4/source/src/lvm.c; sourceTree = "<group>"; };
		8D3B0E9914C8DFF900728578 /* lzio.c */ = {isa = PBXFileReference; fileEncoding = 4; lastKnownFileType = sourcecode.c.c; name = lzio.c; path = lua_5_1_4/source/src/lzio.c; sourceTree = "<group>"; };
		8D3B0E9A14C8DFF900728578 /* print.c */ = {isa = PBXFileReference; fileEncoding = 4; lastKnownFileType = sourcecode.c.c; name = print.c; path = lua_5_1_4/source/src/print.c; sourceTree = "<group>"; };
		8D5F958D14803EA900834EEE /* call.cpp */ = {isa = PBXFileReference; fileEncoding = 4; lastKnownFileType = sourcecode.cpp.cpp; name = call.cpp; path = src/slub/call.cpp; sourceTree = "<group>"; };
		8D5F958F14803EB700834EEE /* call.h */ = {isa = PBXFileReference; fileEncoding = 4; lastKnownFileType = sourcecode.c.h; name = call.h; path = include/slub/call.h; sourceTree = "<group>"; };
		8D5F959114803EB700834EEE /* config.h */ = {isa = PBXFileReference; fileEncoding = 4; lastKnownFileType = sourcecode.c.h; name = config.h; path = include/slub/config.h; sourceTree = "<group>"; };
		8D5F959814803EB700834EEE /* globals.h */ = {isa = PBXFileReference; fileEncoding = 4; lastKnownFileType = sourcecode.c.h; name = globals.h; path = include/slub/globals.h; sourceTree = "<group>"; };
		8DBB5B9E13D498320044A2F6 /* exception.h */ = {isa = PBXFileReference; fileEncoding = 4; lastKnownFileType = sourcecode.c.h; name = exception.h; path = include/slub/exception.h; sourceTree = "<group>"; };
		8DBB5D4413D4BCE10044A2F6 /* registry.cpp */ = {isa = PBXFileReference; fileEncoding = 4; lastKnownFileType = sourcecode.cpp.cpp; name = registry.cpp; path = src/slub/registry.cpp; sourceTree = "<group>"; };
		8DBB5DB613D4C0C90044A2F6 /* forward.h */ = {isa = PBXFileReference; fileEncoding = 4; lastKnownFileType = sourcecode.c.h; name = forward.h; path = include/slub/forward.h; sourceTree = "<group>"; };
		8DBD2E7713CCC7D70013AC75 /* package.h */ = {isa = PBXFileReference; fileEncoding = 4; lastKnownFileType = sourcecode.c.h; name = package.h; path = include/slub/package.h; sourceTree = "<group>"; };
		8DBD305A13CCD7E40013AC75 /* function.h */ = {isa = PBXFileReference; fileEncoding = 4; lastKnownFileType = sourcecode.c.h; name = function.h; path = include/slub/function.h; sourceTree = "<group>"; };
		8DD76F6C0486A84900D96B5E /* slub */ = {isa = PBXFileReference; explicitFileType = "compiled.mach-o.executable"; includeInIndex = 0; path = slub; sourceTree = BUILT_PRODUCTS_DIR; };
		8DE144BB13E9D1DD0003C023 /* reference.h */ = {isa = PBXFileReference; fileEncoding = 4; lastKnownFileType = sourcecode.c.h; name = reference.h; path = include/slub/reference.h; sourceTree = "<group>"; };
/* End PBXFileReference section */

/* Begin PBXFrameworksBuildPhase section */
		8DD76F660486A84900D96B5E /* Frameworks */ = {
			isa = PBXFrameworksBuildPhase;
			buildActionMask = 2147483647;
			files = (
			);
			runOnlyForDeploymentPostprocessing = 0;
		};
/* End PBXFrameworksBuildPhase section */

/* Begin PBXGroup section */
		08FB7794FE84155DC02AAC07 /* template-test */ = {
			isa = PBXGroup;
			children = (
				3E2C0A8713C6FEE00070A4B5 /* resources */,
				08FB7795FE84155DC02AAC07 /* source */,
				1AB674ADFE9D54B511CA2CBB /* Products */,
			);
			name = "template-test";
			sourceTree = "<group>";
		};
		08FB7795FE84155DC02AAC07 /* source */ = {
			isa = PBXGroup;
			children = (
				8D8F4D7F13C3B76900848D6C /* lua_5_1_4 */,
				3EE92C6213C6E902001D1D17 /* slub */,
				08FB7796FE84155DC02AAC07 /* main.cpp */,
				3E2C0A7F13C6FE7A0070A4B5 /* foo.h */,
			);
			name = source;
			sourceTree = "<group>";
		};
		1AB674ADFE9D54B511CA2CBB /* Products */ = {
			isa = PBXGroup;
			children = (
				8DD76F6C0486A84900D96B5E /* slub */,
			);
			name = Products;
			sourceTree = "<group>";
		};
		3E2C0A8713C6FEE00070A4B5 /* resources */ = {
			isa = PBXGroup;
			children = (
				3E2C0A8813C6FEF50070A4B5 /* foo.lua */,
			);
			name = resources;
			sourceTree = "<group>";
		};
		3EE92C6213C6E902001D1D17 /* slub */ = {
			isa = PBXGroup;
			children = (
				8D5F958F14803EB700834EEE /* call.h */,
				8D5F958D14803EA900834EEE /* call.cpp */,
				3E050A7413C70016000DC746 /* clazz.h */,
				3E0FD5AD13D43A3700A4AABC /* clazz.cpp */,
				8D5F959114803EB700834EEE /* config.h */,
				8D31478613D378E700019863 /* constructor.h */,
				3E8A3BBB13CAF0C500467EAD /* converter.h */,
				8DBB5B9E13D498320044A2F6 /* exception.h */,
				3E050A7513C70016000DC746 /* field.h */,
				8DBB5DB613D4C0C90044A2F6 /* forward.h */,
				8DBD305A13CCD7E40013AC75 /* function.h */,
				8D3146D913D3715300019863 /* function.cpp */,
				8D5F959814803EB700834EEE /* globals.h */,
				3E050A7613C70016000DC746 /* method.h */,
				8D3147C513D37F6000019863 /* operators.h */,
				8DBD2E7713CCC7D70013AC75 /* package.h */,
				8DE144BB13E9D1DD0003C023 /* reference.h */,
				3E5C976D13CB104800DB6373 /* registry.h */,
				8DBB5D4413D4BCE10044A2F6 /* registry.cpp */,
				3E050A7713C70016000DC746 /* slub.h */,
				3E050A7813C70016000DC746 /* wrapper.h */,
			);
			name = slub;
			sourceTree = "<group>";
		};
		8D8F4D7F13C3B76900848D6C /* lua_5_1_4 */ = {
			isa = PBXGroup;
			children = (
				8D3B0E7B14C8DFF900728578 /* lapi.c */,
				8D3B0E7C14C8DFF900728578 /* lauxlib.c */,
				8D3B0E7D14C8DFF900728578 /* lbaselib.c */,
				8D3B0E7E14C8DFF900728578 /* lcode.c */,
				8D3B0E7F14C8DFF900728578 /* ldblib.c */,
				8D3B0E8014C8DFF900728578 /* ldebug.c */,
				8D3B0E8114C8DFF900728578 /* ldo.c */,
				8D3B0E8214C8DFF900728578 /* ldump.c */,
				8D3B0E8314C8DFF900728578 /* lfunc.c */,
				8D3B0E8414C8DFF900728578 /* lgc.c */,
				8D3B0E8514C8DFF900728578 /* linit.c */,
				8D3B0E8614C8DFF900728578 /* liolib.c */,
				8D3B0E8714C8DFF900728578 /* llex.c */,
				8D3B0E8814C8DFF900728578 /* lmathlib.c */,
				8D3B0E8914C8DFF900728578 /* lmem.c */,
				8D3B0E8A14C8DFF900728578 /* loadlib.c */,
				8D3B0E8B14C8DFF900728578 /* lobject.c */,
				8D3B0E8C14C8DFF900728578 /* lopcodes.c */,
				8D3B0E8D14C8DFF900728578 /* loslib.c */,
				8D3B0E8E14C8DFF900728578 /* lparser.c */,
				8D3B0E8F14C8DFF900728578 /* lstate.c */,
				8D3B0E9014C8DFF900728578 /* lstring.c */,
				8D3B0E9114C8DFF900728578 /* lstrlib.c */,
				8D3B0E9214C8DFF900728578 /* ltable.c */,
				8D3B0E9314C8DFF900728578 /* ltablib.c */,
				8D3B0E9414C8DFF900728578 /* ltm.c */,
				8D3B0E9714C8DFF900728578 /* lundump.c */,
				8D3B0E9814C8DFF900728578 /* lvm.c */,
				8D3B0E9914C8DFF900728578 /* lzio.c */,
				8D3B0E9A14C8DFF900728578 /* print.c */,
			);
			name = lua_5_1_4;
			sourceTree = "<group>";
		};
/* End PBXGroup section */

/* Begin PBXNativeTarget section */
		8DD76F620486A84900D96B5E /* slub */ = {
			isa = PBXNativeTarget;
			buildConfigurationList = 1DEB923108733DC60010E9CD /* Build configuration list for PBXNativeTarget "slub" */;
			buildPhases = (
				8DD76F640486A84900D96B5E /* Sources */,
				8DD76F660486A84900D96B5E /* Frameworks */,
				8DD76F690486A84900D96B5E /* CopyFiles */,
			);
			buildRules = (
			);
			dependencies = (
			);
			name = slub;
			productInstallPath = "$(HOME)/bin";
			productName = "template-test";
			productReference = 8DD76F6C0486A84900D96B5E /* slub */;
			productType = "com.apple.product-type.tool";
		};
/* End PBXNativeTarget section */

/* Begin PBXProject section */
		08FB7793FE84155DC02AAC07 /* Project object */ = {
			isa = PBXProject;
			attributes = {
				LastUpgradeCheck = 0410;
			};
			buildConfigurationList = 1DEB923508733DC60010E9CD /* Build configuration list for PBXProject "slub" */;
			compatibilityVersion = "Xcode 3.2";
			developmentRegion = English;
			hasScannedForEncodings = 1;
			knownRegions = (
				English,
				Japanese,
				French,
				German,
			);
			mainGroup = 08FB7794FE84155DC02AAC07 /* template-test */;
			projectDirPath = "";
			projectRoot = "";
			targets = (
				8DD76F620486A84900D96B5E /* slub */,
			);
		};
/* End PBXProject section */

/* Begin PBXSourcesBuildPhase section */
		8DD76F640486A84900D96B5E /* Sources */ = {
			isa = PBXSourcesBuildPhase;
			buildActionMask = 2147483647;
			files = (
				8DD76F650486A84900D96B5E /* main.cpp in Sources */,
				8D3146DA13D3715300019863 /* function.cpp in Sources */,
				3E0FD5AE13D43A3700A4AABC /* clazz.cpp in Sources */,
				8DBB5D4513D4BCE10044A2F6 /* registry.cpp in Sources */,
				8D5F958E14803EA900834EEE /* call.cpp in Sources */,
				8D3B0E9B14C8DFF900728578 /* lapi.c in Sources */,
				8D3B0E9C14C8DFF900728578 /* lauxlib.c in Sources */,
				8D3B0E9D14C8DFF900728578 /* lbaselib.c in Sources */,
				8D3B0E9E14C8DFF900728578 /* lcode.c in Sources */,
				8D3B0E9F14C8DFF900728578 /* ldblib.c in Sources */,
				8D3B0EA014C8DFF900728578 /* ldebug.c in Sources */,
				8D3B0EA114C8DFF900728578 /* ldo.c in Sources */,
				8D3B0EA214C8DFF900728578 /* ldump.c in Sources */,
				8D3B0EA314C8DFF900728578 /* lfunc.c in Sources */,
				8D3B0EA414C8DFF900728578 /* lgc.c in Sources */,
				8D3B0EA514C8DFF900728578 /* linit.c in Sources */,
				8D3B0EA614C8DFF900728578 /* liolib.c in Sources */,
				8D3B0EA714C8DFF900728578 /* llex.c in Sources */,
				8D3B0EA814C8DFF900728578 /* lmathlib.c in Sources */,
				8D3B0EA914C8DFF900728578 /* lmem.c in Sources */,
				8D3B0EAA14C8DFF900728578 /* loadlib.c in Sources */,
				8D3B0EAB14C8DFF900728578 /* lobject.c in Sources */,
				8D3B0EAC14C8DFF900728578 /* lopcodes.c in Sources */,
				8D3B0EAD14C8DFF900728578 /* loslib.c in Sources */,
				8D3B0EAE14C8DFF900728578 /* lparser.c in Sources */,
				8D3B0EAF14C8DFF900728578 /* lstate.c in Sources */,
				8D3B0EB014C8DFF900728578 /* lstring.c in Sources */,
				8D3B0EB114C8DFF900728578 /* lstrlib.c in Sources */,
				8D3B0EB214C8DFF900728578 /* ltable.c in Sources */,
				8D3B0EB314C8DFF900728578 /* ltablib.c in Sources */,
				8D3B0EB414C8DFF900728578 /* ltm.c in Sources */,
				8D3B0EB714C8DFF900728578 /* lundump.c in Sources */,
				8D3B0EB814C8DFF900728578 /* lvm.c in Sources */,
				8D3B0EB914C8DFF900728578 /* lzio.c in Sources */,
				8D3B0EBA14C8DFF900728578 /* print.c in Sources */,
			);
			runOnlyForDeploymentPostprocessing = 0;
		};
/* End PBXSourcesBuildPhase section */

/* Begin XCBuildConfiguration section */
		1DEB923208733DC60010E9CD /* Debug */ = {
			isa = XCBuildConfiguration;
			buildSettings = {
				ALWAYS_SEARCH_USER_PATHS = NO;
				ARCHS = "$(NATIVE_ARCH_ACTUAL)";
				COPY_PHASE_STRIP = NO;
				GCC_DYNAMIC_NO_PIC = NO;
				GCC_MODEL_TUNING = G5;
				GCC_OPTIMIZATION_LEVEL = 0;
				HEADER_SEARCH_PATHS = (
					./lua_5_1_4/include,
					include,
				);
				INSTALL_PATH = /usr/local/bin;
				PRODUCT_NAME = slub;
			};
			name = Debug;
		};
		1DEB923308733DC60010E9CD /* Release */ = {
			isa = XCBuildConfiguration;
			buildSettings = {
				ALWAYS_SEARCH_USER_PATHS = NO;
				ARCHS = "$(NATIVE_ARCH_ACTUAL)";
				DEBUG_INFORMATION_FORMAT = "dwarf-with-dsym";
				GCC_MODEL_TUNING = G5;
				HEADER_SEARCH_PATHS = (
					./lua_5_1_4/include,
					include,
				);
				INSTALL_PATH = /usr/local/bin;
				PRODUCT_NAME = slub;
			};
			name = Release;
		};
		1DEB923608733DC60010E9CD /* Debug */ = {
			isa = XCBuildConfiguration;
			buildSettings = {
				GCC_C_LANGUAGE_STANDARD = gnu99;
				GCC_OPTIMIZATION_LEVEL = 0;
				GCC_WARN_ABOUT_RETURN_TYPE = YES;
				GCC_WARN_UNUSED_VARIABLE = YES;
				HEADER_SEARCH_PATHS = (
					../../thirdparty/lua/lua_5_1_4/include,
					include,
					../../projects/lostengine,
				);
			};
			name = Debug;
		};
		1DEB923708733DC60010E9CD /* Release */ = {
			isa = XCBuildConfiguration;
			buildSettings = {
				GCC_C_LANGUAGE_STANDARD = gnu99;
				GCC_WARN_ABOUT_RETURN_TYPE = YES;
				GCC_WARN_UNUSED_VARIABLE = YES;
				HEADER_SEARCH_PATHS = (
					../../thirdparty/lua/lua_5_1_4/include,
					include,
					../../projects/lostengine,
				);
			};
			name = Release;
		};
/* End XCBuildConfiguration section */

/* Begin XCConfigurationList section */
		1DEB923108733DC60010E9CD /* Build configuration list for PBXNativeTarget "slub" */ = {
			isa = XCConfigurationList;
			buildConfigurations = (
				1DEB923208733DC60010E9CD /* Debug */,
				1DEB923308733DC60010E9CD /* Release */,
			);
			defaultConfigurationIsVisible = 0;
			defaultConfigurationName = Release;
		};
		1DEB923508733DC60010E9CD /* Build configuration list for PBXProject "slub" */ = {
			isa = XCConfigurationList;
			buildConfigurations = (
				1DEB923608733DC60010E9CD /* Debug */,
				1DEB923708733DC60010E9CD /* Release */,
			);
			defaultConfigurationIsVisible = 0;
			defaultConfigurationName = Release;
		};
/* End XCConfigurationList section */
	};
	rootObject = 08FB7793FE84155DC02AAC07 /* Project object */;
}
